// !$*UTF8*$!
{
	archiveVersion = 1;
	classes = {
	};
	objectVersion = 55;
	objects = {

/* Begin PBXBuildFile section */
		80CCB2AE2889F3CC00D445AD /* Coin_PricesApp.swift in Sources */ = {isa = PBXBuildFile; fileRef = 80CCB2AD2889F3CC00D445AD /* Coin_PricesApp.swift */; };
		80CCB2B02889F3CC00D445AD /* ContentView.swift in Sources */ = {isa = PBXBuildFile; fileRef = 80CCB2AF2889F3CC00D445AD /* ContentView.swift */; };
		80CCB2B22889F3CD00D445AD /* Assets.xcassets in Resources */ = {isa = PBXBuildFile; fileRef = 80CCB2B12889F3CD00D445AD /* Assets.xcassets */; };
		80CCB2B52889F3CD00D445AD /* Preview Assets.xcassets in Resources */ = {isa = PBXBuildFile; fileRef = 80CCB2B42889F3CD00D445AD /* Preview Assets.xcassets */; };
		80CCB2BF2889F3CE00D445AD /* Coin_PricesTests.swift in Sources */ = {isa = PBXBuildFile; fileRef = 80CCB2BE2889F3CE00D445AD /* Coin_PricesTests.swift */; };
		80CCB2C92889F3CE00D445AD /* Coin_PricesUITests.swift in Sources */ = {isa = PBXBuildFile; fileRef = 80CCB2C82889F3CE00D445AD /* Coin_PricesUITests.swift */; };
		80CCB2CB2889F3CE00D445AD /* Coin_PricesUITestsLaunchTests.swift in Sources */ = {isa = PBXBuildFile; fileRef = 80CCB2CA2889F3CE00D445AD /* Coin_PricesUITestsLaunchTests.swift */; };
/* End PBXBuildFile section */

/* Begin PBXContainerItemProxy section */
		80CCB2BB2889F3CE00D445AD /* PBXContainerItemProxy */ = {
			isa = PBXContainerItemProxy;
			containerPortal = 80CCB2A22889F3CB00D445AD /* Project object */;
			proxyType = 1;
			remoteGlobalIDString = 80CCB2A92889F3CB00D445AD;
			remoteInfo = "Coin Prices";
		};
		80CCB2C52889F3CE00D445AD /* PBXContainerItemProxy */ = {
			isa = PBXContainerItemProxy;
			containerPortal = 80CCB2A22889F3CB00D445AD /* Project object */;
			proxyType = 1;
			remoteGlobalIDString = 80CCB2A92889F3CB00D445AD;
			remoteInfo = "Coin Prices";
		};
/* End PBXContainerItemProxy section */

/* Begin PBXFileReference section */
		80CCB2AA2889F3CB00D445AD /* Coin Prices.app */ = {isa = PBXFileReference; explicitFileType = wrapper.application; includeInIndex = 0; path = "Coin Prices.app"; sourceTree = BUILT_PRODUCTS_DIR; };
		80CCB2AD2889F3CC00D445AD /* Coin_PricesApp.swift */ = {isa = PBXFileReference; lastKnownFileType = sourcecode.swift; path = Coin_PricesApp.swift; sourceTree = "<group>"; };
		80CCB2AF2889F3CC00D445AD /* ContentView.swift */ = {isa = PBXFileReference; lastKnownFileType = sourcecode.swift; path = ContentView.swift; sourceTree = "<group>"; };
		80CCB2B12889F3CD00D445AD /* Assets.xcassets */ = {isa = PBXFileReference; lastKnownFileType = folder.assetcatalog; path = Assets.xcassets; sourceTree = "<group>"; };
		80CCB2B42889F3CD00D445AD /* Preview Assets.xcassets */ = {isa = PBXFileReference; lastKnownFileType = folder.assetcatalog; path = "Preview Assets.xcassets"; sourceTree = "<group>"; };
		80CCB2BA2889F3CE00D445AD /* Coin PricesTests.xctest */ = {isa = PBXFileReference; explicitFileType = wrapper.cfbundle; includeInIndex = 0; path = "Coin PricesTests.xctest"; sourceTree = BUILT_PRODUCTS_DIR; };
		80CCB2BE2889F3CE00D445AD /* Coin_PricesTests.swift */ = {isa = PBXFileReference; lastKnownFileType = sourcecode.swift; path = Coin_PricesTests.swift; sourceTree = "<group>"; };
		80CCB2C42889F3CE00D445AD /* Coin PricesUITests.xctest */ = {isa = PBXFileReference; explicitFileType = wrapper.cfbundle; includeInIndex = 0; path = "Coin PricesUITests.xctest"; sourceTree = BUILT_PRODUCTS_DIR; };
		80CCB2C82889F3CE00D445AD /* Coin_PricesUITests.swift */ = {isa = PBXFileReference; lastKnownFileType = sourcecode.swift; path = Coin_PricesUITests.swift; sourceTree = "<group>"; };
		80CCB2CA2889F3CE00D445AD /* Coin_PricesUITestsLaunchTests.swift */ = {isa = PBXFileReference; lastKnownFileType = sourcecode.swift; path = Coin_PricesUITestsLaunchTests.swift; sourceTree = "<group>"; };
/* End PBXFileReference section */

/* Begin PBXFrameworksBuildPhase section */
		80CCB2A72889F3CB00D445AD /* Frameworks */ = {
			isa = PBXFrameworksBuildPhase;
			buildActionMask = 2147483647;
			files = (
			);
			runOnlyForDeploymentPostprocessing = 0;
		};
		80CCB2B72889F3CE00D445AD /* Frameworks */ = {
			isa = PBXFrameworksBuildPhase;
			buildActionMask = 2147483647;
			files = (
			);
			runOnlyForDeploymentPostprocessing = 0;
		};
		80CCB2C12889F3CE00D445AD /* Frameworks */ = {
			isa = PBXFrameworksBuildPhase;
			buildActionMask = 2147483647;
			files = (
			);
			runOnlyForDeploymentPostprocessing = 0;
		};
/* End PBXFrameworksBuildPhase section */

/* Begin PBXGroup section */
		80CCB2A12889F3CB00D445AD = {
			isa = PBXGroup;
			children = (
				80CCB2AC2889F3CB00D445AD /* Coin Prices */,
				80CCB2BD2889F3CE00D445AD /* Coin PricesTests */,
				80CCB2C72889F3CE00D445AD /* Coin PricesUITests */,
				80CCB2AB2889F3CB00D445AD /* Products */,
			);
			sourceTree = "<group>";
		};
		80CCB2AB2889F3CB00D445AD /* Products */ = {
			isa = PBXGroup;
			children = (
				80CCB2AA2889F3CB00D445AD /* Coin Prices.app */,
				80CCB2BA2889F3CE00D445AD /* Coin PricesTests.xctest */,
				80CCB2C42889F3CE00D445AD /* Coin PricesUITests.xctest */,
			);
			name = Products;
			sourceTree = "<group>";
		};
		80CCB2AC2889F3CB00D445AD /* Coin Prices */ = {
			isa = PBXGroup;
			children = (
				80CCB2AD2889F3CC00D445AD /* Coin_PricesApp.swift */,
				80CCB2AF2889F3CC00D445AD /* ContentView.swift */,
				80CCB2B12889F3CD00D445AD /* Assets.xcassets */,
				80CCB2B32889F3CD00D445AD /* Preview Content */,
			);
			path = "Coin Prices";
			sourceTree = "<group>";
		};
		80CCB2B32889F3CD00D445AD /* Preview Content */ = {
			isa = PBXGroup;
			children = (
				80CCB2B42889F3CD00D445AD /* Preview Assets.xcassets */,
			);
			path = "Preview Content";
			sourceTree = "<group>";
		};
		80CCB2BD2889F3CE00D445AD /* Coin PricesTests */ = {
			isa = PBXGroup;
			children = (
				80CCB2BE2889F3CE00D445AD /* Coin_PricesTests.swift */,
			);
			path = "Coin PricesTests";
			sourceTree = "<group>";
		};
		80CCB2C72889F3CE00D445AD /* Coin PricesUITests */ = {
			isa = PBXGroup;
			children = (
				80CCB2C82889F3CE00D445AD /* Coin_PricesUITests.swift */,
				80CCB2CA2889F3CE00D445AD /* Coin_PricesUITestsLaunchTests.swift */,
			);
			path = "Coin PricesUITests";
			sourceTree = "<group>";
		};
/* End PBXGroup section */

/* Begin PBXNativeTarget section */
		80CCB2A92889F3CB00D445AD /* Coin Prices */ = {
			isa = PBXNativeTarget;
			buildConfigurationList = 80CCB2CE2889F3CE00D445AD /* Build configuration list for PBXNativeTarget "Coin Prices" */;
			buildPhases = (
				80CCB2A62889F3CB00D445AD /* Sources */,
				80CCB2A72889F3CB00D445AD /* Frameworks */,
				80CCB2A82889F3CB00D445AD /* Resources */,
			);
			buildRules = (
			);
			dependencies = (
			);
			name = "Coin Prices";
			productName = "Coin Prices";
			productReference = 80CCB2AA2889F3CB00D445AD /* Coin Prices.app */;
			productType = "com.apple.product-type.application";
		};
		80CCB2B92889F3CE00D445AD /* Coin PricesTests */ = {
			isa = PBXNativeTarget;
			buildConfigurationList = 80CCB2D12889F3CE00D445AD /* Build configuration list for PBXNativeTarget "Coin PricesTests" */;
			buildPhases = (
				80CCB2B62889F3CE00D445AD /* Sources */,
				80CCB2B72889F3CE00D445AD /* Frameworks */,
				80CCB2B82889F3CE00D445AD /* Resources */,
			);
			buildRules = (
			);
			dependencies = (
				80CCB2BC2889F3CE00D445AD /* PBXTargetDependency */,
			);
			name = "Coin PricesTests";
			productName = "Coin PricesTests";
			productReference = 80CCB2BA2889F3CE00D445AD /* Coin PricesTests.xctest */;
			productType = "com.apple.product-type.bundle.unit-test";
		};
		80CCB2C32889F3CE00D445AD /* Coin PricesUITests */ = {
			isa = PBXNativeTarget;
			buildConfigurationList = 80CCB2D42889F3CE00D445AD /* Build configuration list for PBXNativeTarget "Coin PricesUITests" */;
			buildPhases = (
				80CCB2C02889F3CE00D445AD /* Sources */,
				80CCB2C12889F3CE00D445AD /* Frameworks */,
				80CCB2C22889F3CE00D445AD /* Resources */,
			);
			buildRules = (
			);
			dependencies = (
				80CCB2C62889F3CE00D445AD /* PBXTargetDependency */,
			);
			name = "Coin PricesUITests";
			productName = "Coin PricesUITests";
			productReference = 80CCB2C42889F3CE00D445AD /* Coin PricesUITests.xctest */;
			productType = "com.apple.product-type.bundle.ui-testing";
		};
/* End PBXNativeTarget section */

/* Begin PBXProject section */
		80CCB2A22889F3CB00D445AD /* Project object */ = {
			isa = PBXProject;
			attributes = {
				BuildIndependentTargetsInParallel = 1;
				LastSwiftUpdateCheck = 1340;
				LastUpgradeCheck = 1340;
				TargetAttributes = {
					80CCB2A92889F3CB00D445AD = {
						CreatedOnToolsVersion = 13.4.1;
					};
					80CCB2B92889F3CE00D445AD = {
						CreatedOnToolsVersion = 13.4.1;
						TestTargetID = 80CCB2A92889F3CB00D445AD;
					};
					80CCB2C32889F3CE00D445AD = {
						CreatedOnToolsVersion = 13.4.1;
						TestTargetID = 80CCB2A92889F3CB00D445AD;
					};
				};
			};
			buildConfigurationList = 80CCB2A52889F3CB00D445AD /* Build configuration list for PBXProject "Coin Prices" */;
			compatibilityVersion = "Xcode 13.0";
			developmentRegion = en;
			hasScannedForEncodings = 0;
			knownRegions = (
				en,
				Base,
			);
			mainGroup = 80CCB2A12889F3CB00D445AD;
			productRefGroup = 80CCB2AB2889F3CB00D445AD /* Products */;
			projectDirPath = "";
			projectRoot = "";
			targets = (
				80CCB2A92889F3CB00D445AD /* Coin Prices */,
				80CCB2B92889F3CE00D445AD /* Coin PricesTests */,
				80CCB2C32889F3CE00D445AD /* Coin PricesUITests */,
			);
		};
/* End PBXProject section */

/* Begin PBXResourcesBuildPhase section */
		80CCB2A82889F3CB00D445AD /* Resources */ = {
			isa = PBXResourcesBuildPhase;
			buildActionMask = 2147483647;
			files = (
				80CCB2B52889F3CD00D445AD /* Preview Assets.xcassets in Resources */,
				80CCB2B22889F3CD00D445AD /* Assets.xcassets in Resources */,
			);
			runOnlyForDeploymentPostprocessing = 0;
		};
		80CCB2B82889F3CE00D445AD /* Resources */ = {
			isa = PBXResourcesBuildPhase;
			buildActionMask = 2147483647;
			files = (
			);
			runOnlyForDeploymentPostprocessing = 0;
		};
		80CCB2C22889F3CE00D445AD /* Resources */ = {
			isa = PBXResourcesBuildPhase;
			buildActionMask = 2147483647;
			files = (
			);
			runOnlyForDeploymentPostprocessing = 0;
		};
/* End PBXResourcesBuildPhase section */

/* Begin PBXSourcesBuildPhase section */
		80CCB2A62889F3CB00D445AD /* Sources */ = {
			isa = PBXSourcesBuildPhase;
			buildActionMask = 2147483647;
			files = (
				80CCB2B02889F3CC00D445AD /* ContentView.swift in Sources */,
				80CCB2AE2889F3CC00D445AD /* Coin_PricesApp.swift in Sources */,
			);
			runOnlyForDeploymentPostprocessing = 0;
		};
		80CCB2B62889F3CE00D445AD /* Sources */ = {
			isa = PBXSourcesBuildPhase;
			buildActionMask = 2147483647;
			files = (
				80CCB2BF2889F3CE00D445AD /* Coin_PricesTests.swift in Sources */,
			);
			runOnlyForDeploymentPostprocessing = 0;
		};
		80CCB2C02889F3CE00D445AD /* Sources */ = {
			isa = PBXSourcesBuildPhase;
			buildActionMask = 2147483647;
			files = (
				80CCB2C92889F3CE00D445AD /* Coin_PricesUITests.swift in Sources */,
				80CCB2CB2889F3CE00D445AD /* Coin_PricesUITestsLaunchTests.swift in Sources */,
			);
			runOnlyForDeploymentPostprocessing = 0;
		};
/* End PBXSourcesBuildPhase section */

/* Begin PBXTargetDependency section */
		80CCB2BC2889F3CE00D445AD /* PBXTargetDependency */ = {
			isa = PBXTargetDependency;
			target = 80CCB2A92889F3CB00D445AD /* Coin Prices */;
			targetProxy = 80CCB2BB2889F3CE00D445AD /* PBXContainerItemProxy */;
		};
		80CCB2C62889F3CE00D445AD /* PBXTargetDependency */ = {
			isa = PBXTargetDependency;
			target = 80CCB2A92889F3CB00D445AD /* Coin Prices */;
			targetProxy = 80CCB2C52889F3CE00D445AD /* PBXContainerItemProxy */;
		};
/* End PBXTargetDependency section */

/* Begin XCBuildConfiguration section */
		80CCB2CC2889F3CE00D445AD /* Debug */ = {
			isa = XCBuildConfiguration;
			buildSettings = {
				ALWAYS_SEARCH_USER_PATHS = NO;
				CLANG_ANALYZER_NONNULL = YES;
				CLANG_ANALYZER_NUMBER_OBJECT_CONVERSION = YES_AGGRESSIVE;
				CLANG_CXX_LANGUAGE_STANDARD = "gnu++17";
				CLANG_ENABLE_MODULES = YES;
				CLANG_ENABLE_OBJC_ARC = YES;
				CLANG_ENABLE_OBJC_WEAK = YES;
				CLANG_WARN_BLOCK_CAPTURE_AUTORELEASING = YES;
				CLANG_WARN_BOOL_CONVERSION = YES;
				CLANG_WARN_COMMA = YES;
				CLANG_WARN_CONSTANT_CONVERSION = YES;
				CLANG_WARN_DEPRECATED_OBJC_IMPLEMENTATIONS = YES;
				CLANG_WARN_DIRECT_OBJC_ISA_USAGE = YES_ERROR;
				CLANG_WARN_DOCUMENTATION_COMMENTS = YES;
				CLANG_WARN_EMPTY_BODY = YES;
				CLANG_WARN_ENUM_CONVERSION = YES;
				CLANG_WARN_INFINITE_RECURSION = YES;
				CLANG_WARN_INT_CONVERSION = YES;
				CLANG_WARN_NON_LITERAL_NULL_CONVERSION = YES;
				CLANG_WARN_OBJC_IMPLICIT_RETAIN_SELF = YES;
				CLANG_WARN_OBJC_LITERAL_CONVERSION = YES;
				CLANG_WARN_OBJC_ROOT_CLASS = YES_ERROR;
				CLANG_WARN_QUOTED_INCLUDE_IN_FRAMEWORK_HEADER = YES;
				CLANG_WARN_RANGE_LOOP_ANALYSIS = YES;
				CLANG_WARN_STRICT_PROTOTYPES = YES;
				CLANG_WARN_SUSPICIOUS_MOVE = YES;
				CLANG_WARN_UNGUARDED_AVAILABILITY = YES_AGGRESSIVE;
				CLANG_WARN_UNREACHABLE_CODE = YES;
				CLANG_WARN__DUPLICATE_METHOD_MATCH = YES;
				COPY_PHASE_STRIP = NO;
				DEBUG_INFORMATION_FORMAT = dwarf;
				ENABLE_STRICT_OBJC_MSGSEND = YES;
				ENABLE_TESTABILITY = YES;
				GCC_C_LANGUAGE_STANDARD = gnu11;
				GCC_DYNAMIC_NO_PIC = NO;
				GCC_NO_COMMON_BLOCKS = YES;
				GCC_OPTIMIZATION_LEVEL = 0;
				GCC_PREPROCESSOR_DEFINITIONS = (
					"DEBUG=1",
					"$(inherited)",
				);
				GCC_WARN_64_TO_32_BIT_CONVERSION = YES;
				GCC_WARN_ABOUT_RETURN_TYPE = YES_ERROR;
				GCC_WARN_UNDECLARED_SELECTOR = YES;
				GCC_WARN_UNINITIALIZED_AUTOS = YES_AGGRESSIVE;
				GCC_WARN_UNUSED_FUNCTION = YES;
				GCC_WARN_UNUSED_VARIABLE = YES;
				IPHONEOS_DEPLOYMENT_TARGET = 15.5;
				MTL_ENABLE_DEBUG_INFO = INCLUDE_SOURCE;
				MTL_FAST_MATH = YES;
				ONLY_ACTIVE_ARCH = YES;
				SDKROOT = iphoneos;
				SWIFT_ACTIVE_COMPILATION_CONDITIONS = DEBUG;
				SWIFT_OPTIMIZATION_LEVEL = "-Onone";
			};
			name = Debug;
		};
		80CCB2CD2889F3CE00D445AD /* Release */ = {
			isa = XCBuildConfiguration;
			buildSettings = {
				ALWAYS_SEARCH_USER_PATHS = NO;
				CLANG_ANALYZER_NONNULL = YES;
				CLANG_ANALYZER_NUMBER_OBJECT_CONVERSION = YES_AGGRESSIVE;
				CLANG_CXX_LANGUAGE_STANDARD = "gnu++17";
				CLANG_ENABLE_MODULES = YES;
				CLANG_ENABLE_OBJC_ARC = YES;
				CLANG_ENABLE_OBJC_WEAK = YES;
				CLANG_WARN_BLOCK_CAPTURE_AUTORELEASING = YES;
				CLANG_WARN_BOOL_CONVERSION = YES;
				CLANG_WARN_COMMA = YES;
				CLANG_WARN_CONSTANT_CONVERSION = YES;
				CLANG_WARN_DEPRECATED_OBJC_IMPLEMENTATIONS = YES;
				CLANG_WARN_DIRECT_OBJC_ISA_USAGE = YES_ERROR;
				CLANG_WARN_DOCUMENTATION_COMMENTS = YES;
				CLANG_WARN_EMPTY_BODY = YES;
				CLANG_WARN_ENUM_CONVERSION = YES;
				CLANG_WARN_INFINITE_RECURSION = YES;
				CLANG_WARN_INT_CONVERSION = YES;
				CLANG_WARN_NON_LITERAL_NULL_CONVERSION = YES;
				CLANG_WARN_OBJC_IMPLICIT_RETAIN_SELF = YES;
				CLANG_WARN_OBJC_LITERAL_CONVERSION = YES;
				CLANG_WARN_OBJC_ROOT_CLASS = YES_ERROR;
				CLANG_WARN_QUOTED_INCLUDE_IN_FRAMEWORK_HEADER = YES;
				CLANG_WARN_RANGE_LOOP_ANALYSIS = YES;
				CLANG_WARN_STRICT_PROTOTYPES = YES;
				CLANG_WARN_SUSPICIOUS_MOVE = YES;
				CLANG_WARN_UNGUARDED_AVAILABILITY = YES_AGGRESSIVE;
				CLANG_WARN_UNREACHABLE_CODE = YES;
				CLANG_WARN__DUPLICATE_METHOD_MATCH = YES;
				COPY_PHASE_STRIP = NO;
				DEBUG_INFORMATION_FORMAT = "dwarf-with-dsym";
				ENABLE_NS_ASSERTIONS = NO;
				ENABLE_STRICT_OBJC_MSGSEND = YES;
				GCC_C_LANGUAGE_STANDARD = gnu11;
				GCC_NO_COMMON_BLOCKS = YES;
				GCC_WARN_64_TO_32_BIT_CONVERSION = YES;
				GCC_WARN_ABOUT_RETURN_TYPE = YES_ERROR;
				GCC_WARN_UNDECLARED_SELECTOR = YES;
				GCC_WARN_UNINITIALIZED_AUTOS = YES_AGGRESSIVE;
				GCC_WARN_UNUSED_FUNCTION = YES;
				GCC_WARN_UNUSED_VARIABLE = YES;
				IPHONEOS_DEPLOYMENT_TARGET = 15.5;
				MTL_ENABLE_DEBUG_INFO = NO;
				MTL_FAST_MATH = YES;
				SDKROOT = iphoneos;
				SWIFT_COMPILATION_MODE = wholemodule;
				SWIFT_OPTIMIZATION_LEVEL = "-O";
				VALIDATE_PRODUCT = YES;
			};
			name = Release;
		};
		80CCB2CF2889F3CE00D445AD /* Debug */ = {
			isa = XCBuildConfiguration;
			buildSettings = {
				ASSETCATALOG_COMPILER_APPICON_NAME = AppIcon;
				ASSETCATALOG_COMPILER_GLOBAL_ACCENT_COLOR_NAME = AccentColor;
				CODE_SIGN_STYLE = Automatic;
				CURRENT_PROJECT_VERSION = 1;
				DEVELOPMENT_ASSET_PATHS = "\"Coin Prices/Preview Content\"";
				ENABLE_PREVIEWS = YES;
				GENERATE_INFOPLIST_FILE = YES;
				INFOPLIST_KEY_UIApplicationSceneManifest_Generation = YES;
				INFOPLIST_KEY_UIApplicationSupportsIndirectInputEvents = YES;
				INFOPLIST_KEY_UILaunchScreen_Generation = YES;
				INFOPLIST_KEY_UISupportedInterfaceOrientations_iPad = "UIInterfaceOrientationPortrait UIInterfaceOrientationPortraitUpsideDown UIInterfaceOrientationLandscapeLeft UIInterfaceOrientationLandscapeRight";
				INFOPLIST_KEY_UISupportedInterfaceOrientations_iPhone = "UIInterfaceOrientationPortrait UIInterfaceOrientationLandscapeLeft UIInterfaceOrientationLandscapeRight";
				LD_RUNPATH_SEARCH_PATHS = (
					"$(inherited)",
					"@executable_path/Frameworks",
				);
				MARKETING_VERSION = 1.0;
				PRODUCT_BUNDLE_IDENTIFIER = "test.Coin-Prices";
				PRODUCT_NAME = "$(TARGET_NAME)";
				SWIFT_EMIT_LOC_STRINGS = YES;
				SWIFT_VERSION = 5.0;
				TARGETED_DEVICE_FAMILY = "1,2";
			};
			name = Debug;
		};
		80CCB2D02889F3CE00D445AD /* Release */ = {
			isa = XCBuildConfiguration;
			buildSettings = {
				ASSETCATALOG_COMPILER_APPICON_NAME = AppIcon;
				ASSETCATALOG_COMPILER_GLOBAL_ACCENT_COLOR_NAME = AccentColor;
				CODE_SIGN_STYLE = Automatic;
				CURRENT_PROJECT_VERSION = 1;
				DEVELOPMENT_ASSET_PATHS = "\"Coin Prices/Preview Content\"";
				ENABLE_PREVIEWS = YES;
				GENERATE_INFOPLIST_FILE = YES;
				INFOPLIST_KEY_UIApplicationSceneManifest_Generation = YES;
				INFOPLIST_KEY_UIApplicationSupportsIndirectInputEvents = YES;
				INFOPLIST_KEY_UILaunchScreen_Generation = YES;
				INFOPLIST_KEY_UISupportedInterfaceOrientations_iPad = "UIInterfaceOrientationPortrait UIInterfaceOrientationPortraitUpsideDown UIInterfaceOrientationLandscapeLeft UIInterfaceOrientationLandscapeRight";
				INFOPLIST_KEY_UISupportedInterfaceOrientations_iPhone = "UIInterfaceOrientationPortrait UIInterfaceOrientationLandscapeLeft UIInterfaceOrientationLandscapeRight";
				LD_RUNPATH_SEARCH_PATHS = (
					"$(inherited)",
					"@executable_path/Frameworks",
				);
				MARKETING_VERSION = 1.0;
				PRODUCT_BUNDLE_IDENTIFIER = "test.Coin-Prices";
				PRODUCT_NAME = "$(TARGET_NAME)";
				SWIFT_EMIT_LOC_STRINGS = YES;
				SWIFT_VERSION = 5.0;
				TARGETED_DEVICE_FAMILY = "1,2";
			};
			name = Release;
		};
		80CCB2D22889F3CE00D445AD /* Debug */ = {
			isa = XCBuildConfiguration;
			buildSettings = {
				ALWAYS_EMBED_SWIFT_STANDARD_LIBRARIES = YES;
				BUNDLE_LOADER = "$(TEST_HOST)";
				CODE_SIGN_STYLE = Automatic;
				CURRENT_PROJECT_VERSION = 1;
				GENERATE_INFOPLIST_FILE = YES;
				IPHONEOS_DEPLOYMENT_TARGET = 15.5;
				MARKETING_VERSION = 1.0;
				PRODUCT_BUNDLE_IDENTIFIER = "test.Coin-PricesTests";
				PRODUCT_NAME = "$(TARGET_NAME)";
				SWIFT_EMIT_LOC_STRINGS = NO;
				SWIFT_VERSION = 5.0;
				TARGETED_DEVICE_FAMILY = "1,2";
				TEST_HOST = "$(BUILT_PRODUCTS_DIR)/Coin Prices.app/Coin Prices";
			};
			name = Debug;
		};
		80CCB2D32889F3CE00D445AD /* Release */ = {
			isa = XCBuildConfiguration;
			buildSettings = {
				ALWAYS_EMBED_SWIFT_STANDARD_LIBRARIES = YES;
				BUNDLE_LOADER = "$(TEST_HOST)";
				CODE_SIGN_STYLE = Automatic;
				CURRENT_PROJECT_VERSION = 1;
				GENERATE_INFOPLIST_FILE = YES;
				IPHONEOS_DEPLOYMENT_TARGET = 15.5;
				MARKETING_VERSION = 1.0;
				PRODUCT_BUNDLE_IDENTIFIER = "test.Coin-PricesTests";
				PRODUCT_NAME = "$(TARGET_NAME)";
				SWIFT_EMIT_LOC_STRINGS = NO;
				SWIFT_VERSION = 5.0;
				TARGETED_DEVICE_FAMILY = "1,2";
				TEST_HOST = "$(BUILT_PRODUCTS_DIR)/Coin Prices.app/Coin Prices";
			};
			name = Release;
		};
		80CCB2D52889F3CE00D445AD /* Debug */ = {
			isa = XCBuildConfiguration;
			buildSettings = {
				ALWAYS_EMBED_SWIFT_STANDARD_LIBRARIES = YES;
				CODE_SIGN_STYLE = Automatic;
				CURRENT_PROJECT_VERSION = 1;
				GENERATE_INFOPLIST_FILE = YES;
				MARKETING_VERSION = 1.0;
				PRODUCT_BUNDLE_IDENTIFIER = "test.Coin-PricesUITests";
				PRODUCT_NAME = "$(TARGET_NAME)";
				SWIFT_EMIT_LOC_STRINGS = NO;
				SWIFT_VERSION = 5.0;
				TARGETED_DEVICE_FAMILY = "1,2";
				TEST_TARGET_NAME = "Coin Prices";
			};
			name = Debug;
		};
		80CCB2D62889F3CE00D445AD /* Release */ = {
			isa = XCBuildConfiguration;
			buildSettings = {
				ALWAYS_EMBED_SWIFT_STANDARD_LIBRARIES = YES;
				CODE_SIGN_STYLE = Automatic;
				CURRENT_PROJECT_VERSION = 1;
				GENERATE_INFOPLIST_FILE = YES;
				MARKETING_VERSION = 1.0;
				PRODUCT_BUNDLE_IDENTIFIER = "test.Coin-PricesUITests";
				PRODUCT_NAME = "$(TARGET_NAME)";
				SWIFT_EMIT_LOC_STRINGS = NO;
				SWIFT_VERSION = 5.0;
				TARGETED_DEVICE_FAMILY = "1,2";
				TEST_TARGET_NAME = "Coin Prices";
			};
			name = Release;
		};
/* End XCBuildConfiguration section */

/* Begin XCConfigurationList section */
		80CCB2A52889F3CB00D445AD /* Build configuration list for PBXProject "Coin Prices" */ = {
			isa = XCConfigurationList;
			buildConfigurations = (
				80CCB2CC2889F3CE00D445AD /* Debug */,
				80CCB2CD2889F3CE00D445AD /* Release */,
			);
			defaultConfigurationIsVisible = 0;
			defaultConfigurationName = Release;
		};
		80CCB2CE2889F3CE00D445AD /* Build configuration list for PBXNativeTarget "Coin Prices" */ = {
			isa = XCConfigurationList;
			buildConfigurations = (
				80CCB2CF2889F3CE00D445AD /* Debug */,
				80CCB2D02889F3CE00D445AD /* Release */,
			);
			defaultConfigurationIsVisible = 0;
			defaultConfigurationName = Release;
		};
		80CCB2D12889F3CE00D445AD /* Build configuration list for PBXNativeTarget "Coin PricesTests" */ = {
			isa = XCConfigurationList;
			buildConfigurations = (
				80CCB2D22889F3CE00D445AD /* Debug */,
				80CCB2D32889F3CE00D445AD /* Release */,
			);
			defaultConfigurationIsVisible = 0;
			defaultConfigurationName = Release;
		};
		80CCB2D42889F3CE00D445AD /* Build configuration list for PBXNativeTarget "Coin PricesUITests" */ = {
			isa = XCConfigurationList;
			buildConfigurations = (
				80CCB2D52889F3CE00D445AD /* Debug */,
				80CCB2D62889F3CE00D445AD /* Release */,
			);
			defaultConfigurationIsVisible = 0;
			defaultConfigurationName = Release;
		};
/* End XCConfigurationList section */
	};
	rootObject = 80CCB2A22889F3CB00D445AD /* Project object */;
}
